
Microsoft Visual Studio Solution File, Format Version 12.00
# Visual Studio Version 17
VisualStudioVersion = 17.0.31903.59
MinimumVisualStudioVersion = 10.0.40219.1
Project("{2150E333-8FDC-42A3-9474-1A3956D46DE8}") = "src", "src", "{D08FB1CD-D25C-4D54-8877-CB18F83D16FB}"
EndProject
Project("{FAE04EC0-301F-11D3-BF4B-00C04F79EFBC}") = "PuttSeed.Core", "src\PuttSeed.Core\PuttSeed.Core.csproj", "{9D8B38CA-4610-4F03-B671-ED5323F405EB}"
EndProject
Project("{2150E333-8FDC-42A3-9474-1A3956D46DE8}") = "tests", "tests", "{4231F5E4-0914-4FBE-8CBA-A4839A2AD56C}"
EndProject
Project("{FAE04EC0-301F-11D3-BF4B-00C04F79EFBC}") = "PuttSeed.Core.Tests", "tests\PuttSeed.Core.Tests\PuttSeed.Core.Tests.csproj", "{D0D893FF-1AE6-4023-9D39-CE7000D89BF5}"
EndProject
Project("{FAE04EC0-301F-11D3-BF4B-00C04F79EFBC}") = "CourseViewer", "..\tools\CourseViewer\CourseViewer.csproj", "{8855D85C-19C4-46F5-9A38-E24B2B77AFCF}"
EndProject
Global
	GlobalSection(SolutionConfigurationPlatforms) = preSolution
		Debug|Any CPU = Debug|Any CPU
		Release|Any CPU = Release|Any CPU
	EndGlobalSection
	GlobalSection(SolutionProperties) = preSolution
		HideSolutionNode = FALSE
	EndGlobalSection
	GlobalSection(ProjectConfigurationPlatforms) = postSolution
		{9D8B38CA-4610-4F03-B671-ED5323F405EB}.Debug|Any CPU.ActiveCfg = Debug|Any CPU
		{9D8B38CA-4610-4F03-B671-ED5323F405EB}.Debug|Any CPU.Build.0 = Debug|Any CPU
		{9D8B38CA-4610-4F03-B671-ED5323F405EB}.Release|Any CPU.ActiveCfg = Release|Any CPU
		{9D8B38CA-4610-4F03-B671-ED5323F405EB}.Release|Any CPU.Build.0 = Release|Any CPU
		{D0D893FF-1AE6-4023-9D39-CE7000D89BF5}.Debug|Any CPU.ActiveCfg = Debug|Any CPU
		{D0D893FF-1AE6-4023-9D39-CE7000D89BF5}.Debug|Any CPU.Build.0 = Debug|Any CPU
		{D0D893FF-1AE6-4023-9D39-CE7000D89BF5}.Release|Any CPU.ActiveCfg = Release|Any CPU
		{D0D893FF-1AE6-4023-9D39-CE7000D89BF5}.Release|Any CPU.Build.0 = Release|Any CPU
		{8855D85C-19C4-46F5-9A38-E24B2B77AFCF}.Debug|Any CPU.ActiveCfg = Debug|Any CPU
		{8855D85C-19C4-46F5-9A38-E24B2B77AFCF}.Debug|Any CPU.Build.0 = Debug|Any CPU
		{8855D85C-19C4-46F5-9A38-E24B2B77AFCF}.Release|Any CPU.ActiveCfg = Release|Any CPU
		{8855D85C-19C4-46F5-9A38-E24B2B77AFCF}.Release|Any CPU.Build.0 = Release|Any CPU
	EndGlobalSection
	GlobalSection(NestedProjects) = preSolution
		{9D8B38CA-4610-4F03-B671-ED5323F405EB} = {D08FB1CD-D25C-4D54-8877-CB18F83D16FB}
		{D0D893FF-1AE6-4023-9D39-CE7000D89BF5} = {4231F5E4-0914-4FBE-8CBA-A4839A2AD56C}
	EndGlobalSection
EndGlobal
